github.com/JoelOtter/termloop v0.0.0-20190610115908-1c1651ed3625 h1:FmupvaB25T1u55h3P+Qi1Ir83iqNwMVh3v6Q3rsjwWI=
github.com/JoelOtter/termloop v0.0.0-20190610115908-1c1651ed3625/go.mod h1:Tie7OOEgasw91JpzA8UywemPyGehxZ06Gqtl5B1/vXI=
github.com/mattn/go-runewidth v0.0.4 h1:2BvfKmzob6Bmd4YsL0zygOqfdFnK7GR4QL06Do4/p7Y=
github.com/mattn/go-runewidth v0.0.4/go.mod h1:LwmH8dsx7+W8Uxz3IHJYH5QSwggIsqBzpuz5H//U1FU=
github.com/nsf/termbox-go v0.0.0-20190817171036-93860e161317 h1:hhGN4SFXgXo61Q4Sjj/X9sBjyeSa2kdpaOzCO+8EVQw=
github.com/nsf/termbox-go v0.0.0-20190817171036-93860e161317/go.mod h1:IuKpRQcYE1Tfu+oAQqaLisqDeXgjyyltCfsaoYN18NQ=
